<?xml version="1.0" encoding="utf-8"?>
<Project ToolsVersion="4.0" xmlns="http://schemas.microsoft.com/developer/msbuild/2003">
  <ItemGroup>
    <Filter Include="Fichiers sources">
      <UniqueIdentifier>{4FC737F1-C7A5-4376-A066-2A32D752A2FF}</UniqueIdentifier>
      <Extensions>cpp;c;cc;cxx;def;odl;idl;hpj;bat;asm;asmx</Extensions>
    </Filter>
    <Filter Include="Fichiers d%27en-tête">
      <UniqueIdentifier>{93995380-89BD-4b04-88EB-625FBE52EBFB}</UniqueIdentifier>
      <Extensions>h;hh;hpp;hxx;hm;inl;inc;ipp;xsd</Extensions>
    </Filter>
    <Filter Include="Fichiers de ressources">
      <UniqueIdentifier>{67DA6AB6-F800-4c08-8B7A-83BB121AAD01}</UniqueIdentifier>
      <Extensions>rc;ico;cur;bmp;dlg;rc2;rct;bin;rgs;gif;jpg;jpeg;jpe;resx;tiff;tif;png;wav;mfcribbon-ms</Extensions>
    </Filter>
    <Filter Include="Fichiers sources\Ext">
      <UniqueIdentifier>{67004f6e-2079-4471-87ed-189f0c87d6c6}</UniqueIdentifier>
    </Filter>
    <Filter Include="Fichiers sources\Ext\ImGui">
      <UniqueIdentifier>{6b7d73e6-274a-4c6e-98b0-763cf34babf2}</UniqueIdentifier>
    </Filter>
    <Filter Include="Fichiers sources\Ext\ImGuizmo">
      <UniqueIdentifier>{e0d62e6e-bb09-4209-a4b3-39d37fe9524f}</UniqueIdentifier>
    </Filter>
    <Filter Include="Fichiers d%27en-tête\Ext">
      <UniqueIdentifier>{83a0d0a0-81fe-4572-9f33-ffba8c84e25d}</UniqueIdentifier>
    </Filter>
  </ItemGroup>
  <ItemGroup>
    <ClCompile Include="Main.cpp">
      <Filter>Fichiers sources</Filter>
    </ClCompile>
    <ClCompile Include="externals\stb_image.cpp">
      <Filter>Fichiers sources\Ext</Filter>
    </ClCompile>
    <ClCompile Include="src\Docking\Docker.cpp">
      <Filter>Fichiers sources</Filter>
    </ClCompile>
    <ClCompile Include="src\Editor\Editor.cpp">
      <Filter>Fichiers sources</Filter>
    </ClCompile>
    <ClCompile Include="src\Editor\Explorer.cpp">
      <Filter>Fichiers sources</Filter>
    </ClCompile>
    <ClCompile Include="src\Editor\Folder.cpp">
      <Filter>Fichiers sources</Filter>
    </ClCompile>
    <ClCompile Include="src\Editor\Hierarchy.cpp">
      <Filter>Fichiers sources</Filter>
    </ClCompile>
    <ClCompile Include="src\Editor\Inspector.cpp">
      <Filter>Fichiers sources</Filter>
    </ClCompile>
    <ClCompile Include="src\Editor\MenuBar.cpp">
      <Filter>Fichiers sources</Filter>
    </ClCompile>
    <ClCompile Include="src\Window.cpp">
      <Filter>Fichiers sources</Filter>
    </ClCompile>
    <ClCompile Include="externals\imgui\src\imgui.cpp">
      <Filter>Fichiers sources\Ext\ImGui</Filter>
    </ClCompile>
    <ClCompile Include="externals\imgui\src\imgui_demo.cpp">
      <Filter>Fichiers sources\Ext\ImGui</Filter>
    </ClCompile>
    <ClCompile Include="externals\imgui\src\imgui_draw.cpp">
      <Filter>Fichiers sources\Ext\ImGui</Filter>
    </ClCompile>
    <ClCompile Include="externals\imgui\src\imgui_impl_glfw.cpp">
      <Filter>Fichiers sources\Ext\ImGui</Filter>
    </ClCompile>
    <ClCompile Include="externals\imgui\src\imgui_impl_opengl3.cpp">
      <Filter>Fichiers sources\Ext\ImGui</Filter>
    </ClCompile>
    <ClCompile Include="externals\imgui\src\imgui_widgets.cpp">
      <Filter>Fichiers sources\Ext\ImGui</Filter>
    </ClCompile>
    <ClCompile Include="externals\imguizmo\ImCurveEdit.cpp">
      <Filter>Fichiers sources\Ext\ImGuizmo</Filter>
    </ClCompile>
    <ClCompile Include="externals\imguizmo\ImGradient.cpp">
      <Filter>Fichiers sources\Ext\ImGuizmo</Filter>
    </ClCompile>
    <ClCompile Include="externals\imguizmo\ImGuizmo.cpp">
      <Filter>Fichiers sources\Ext\ImGuizmo</Filter>
    </ClCompile>
    <ClCompile Include="externals\imguizmo\ImSequencer.cpp">
      <Filter>Fichiers sources\Ext\ImGuizmo</Filter>
    </ClCompile>
    <ClCompile Include="src\opengl_helpers_imgui.cpp">
      <Filter>Fichiers sources\Ext</Filter>
    </ClCompile>
    <ClCompile Include="src\Gameplay\Grabbing.cpp">
      <Filter>Fichiers sources</Filter>
    </ClCompile>
    <ClCompile Include="media\Gameplay\Grabbing.cpp">
      <Filter>Fichiers sources</Filter>
    </ClCompile>
  </ItemGroup>
  <ItemGroup>
    <ClInclude Include="include\Editor\Editor.h">
      <Filter>Fichiers d%27en-tête</Filter>
    </ClInclude>
    <ClInclude Include="include\Editor\Explorer.h">
      <Filter>Fichiers d%27en-tête</Filter>
    </ClInclude>
    <ClInclude Include="include\Editor\Folder.h">
      <Filter>Fichiers d%27en-tête</Filter>
    </ClInclude>
    <ClInclude Include="include\Editor\Hierarchy.h">
      <Filter>Fichiers d%27en-tête</Filter>
    </ClInclude>
    <ClInclude Include="include\Editor\Inspector.h">
      <Filter>Fichiers d%27en-tête</Filter>
    </ClInclude>
    <ClInclude Include="include\Editor\MenuBar.h">
      <Filter>Fichiers d%27en-tête</Filter>
    </ClInclude>
    <ClInclude Include="include\Docking\Docker.h">
      <Filter>Fichiers d%27en-tête</Filter>
    </ClInclude>
    <ClInclude Include="include\Window.h">
      <Filter>Fichiers d%27en-tête</Filter>
    </ClInclude>
    <ClInclude Include="..\QuantixEngine\Lib\Glad\include\glad\glad.h">
      <Filter>Fichiers d%27en-tête</Filter>
    </ClInclude>
    <ClInclude Include="resource.h">
      <Filter>Fichiers d%27en-tête</Filter>
    </ClInclude>
    <ClInclude Include="externals\stb_image.h">
      <Filter>Fichiers d%27en-tête\Ext</Filter>
    </ClInclude>
    <ClInclude Include="include\opengl_helper.h">
      <Filter>Fichiers d%27en-tête\Ext</Filter>
    </ClInclude>
    <ClInclude Include="include\Gameplay\Grabbing.h">
      <Filter>Fichiers d%27en-tête</Filter>
    </ClInclude>
    <ClInclude Include="media\Gameplay\Grabbing.h">
      <Filter>Fichiers d%27en-tête</Filter>
    </ClInclude>
  </ItemGroup>
  <ItemGroup>
    <ResourceCompile Include="Editor.rc">
      <Filter>Fichiers de ressources</Filter>
    </ResourceCompile>
  </ItemGroup>
  <ItemGroup>
    <Image Include="..\QuantixEngine\Media\Logo\Quantix_Logo.ico">
      <Filter>Fichiers de ressources</Filter>
    </Image>
  </ItemGroup>
</Project>