<?xml version="1.0" encoding="utf-8"?>
<Project ToolsVersion="4.0" xmlns="http://schemas.microsoft.com/developer/msbuild/2003">
  <ItemGroup>
    <ClCompile Include="Src\Core\DataStructure\Component.cpp" />
    <ClCompile Include="Src\Core\DataStructure\GameObject2D.cpp" />
    <ClCompile Include="Src\Core\DataStructure\GameObject3D.cpp" />
    <ClCompile Include="Src\Core\Components\Camera.cpp" />
    <ClCompile Include="Src\Core\dllmain.cpp" />
    <ClCompile Include="Src\Core\Components\Light.cpp" />
    <ClCompile Include="Src\Core\TinyobjImplementation.cpp" />
    <ClCompile Include="Src\Core\Debugger\Assertion.cpp" />
    <ClCompile Include="Src\Core\Debugger\Logger.cpp" />
    <ClCompile Include="Src\Core\Profiler\Profiler.cpp" />
    <ClCompile Include="Src\Resources\Material.cpp" />
    <ClCompile Include="Src\Core\Components\Mesh.cpp" />
    <ClCompile Include="Src\Resources\Model.cpp" />
    <ClCompile Include="Src\Resources\Shader.cpp" />
    <ClCompile Include="Src\Resources\ShaderProgram.cpp" />
    <ClCompile Include="Src\Resources\Texture.cpp" />
    <ClCompile Include="Src\Core\DataStructure\GameComponent.cpp" />
    <ClCompile Include="Src\Core\DataStructure\ResourcesManager.cpp" />
    <ClCompile Include="Src\Core\Plateform\Application.cpp" />
    <ClCompile Include="Src\Core\Render\Renderer.cpp" />
    <ClCompile Include="Lib\Glad\src\glad.c" />
    <ClCompile Include="Src\Core\UserEntry\InputSystem.cpp" />
    <ClCompile Include="Src\Physic\Transform2D.cpp" />
    <ClCompile Include="Src\Physic\Transform3D.cpp" />
    <ClCompile Include="Src\Core\Scene.cpp" />
  </ItemGroup>
  <ItemGroup>
    <ClInclude Include="Include\Core\Platform\AppInfo.h" />
    <ClInclude Include="Include\Core\Components\Camera.h" />
    <ClInclude Include="Include\Core\Debugger\Assertion.h" />
    <ClInclude Include="Include\Core\Debugger\Logger.h" />
    <ClInclude Include="Include\Core\DataStructure\Component.h" />
    <ClInclude Include="Include\Core\DataStructure\GameObject2D.h" />
    <ClInclude Include="Include\Core\DataStructure\GameObject3D.h" />
    <ClInclude Include="Include\Core\DLLHeader.h" />
    <ClInclude Include="Include\Core\Components\Light.h" />
    <ClInclude Include="Include\Core\Profiler\Profiler.h" />
    <ClInclude Include="Include\Resources\Material.h" />
    <ClInclude Include="Include\Core\Components\Mesh.h" />
    <ClInclude Include="Include\Resources\Model.h" />
    <ClInclude Include="Include\Resources\Shader.h" />
    <ClInclude Include="Include\Resources\ShaderProgram.h" />
    <ClInclude Include="Include\Resources\Texture.h" />
    <ClInclude Include="Include\Core\DataStructure\ResourcesManager.h" />
    <ClInclude Include="Include\Core\DataStructure\GameComponent.h" />
    <ClInclude Include="Include\Core\Platform\Application.h" />
    <ClInclude Include="Include\Core\Render\Renderer.h" />
    <ClInclude Include="Include\Core\UserEntry\InputSystem.h" />
    <ClInclude Include="Include\Physic\Transform2D.h" />
    <ClInclude Include="Include\Physic\Transform3D.h" />
    <ClInclude Include="externals\rttrEnabled.h" />
    <ClInclude Include="Include\Core\MathHeader.h" />
  </ItemGroup>
</Project>
